{
    "_readme": [
        "This file locks the dependencies of your project to a known state",
        "Read more about it at https://getcomposer.org/doc/01-basic-usage.md#composer-lock-the-lock-file",
        "This file is @generated automatically"
    ],
    "hash": "5fdb0da3f01bb06094652b118f3d4d77",
    "content-hash": "9d427cdd6a8e6ed0317227dee3ad2480",
    "packages": [
        {
            "name": "pomm-project/foundation",
            "version": "dev-master",
            "source": {
                "type": "git",
                "url": "https://github.com/pomm-project/Foundation.git",
                "reference": "ab114b4f1dc8cb131fbf8ab93823b34620880376"
            },
            "dist": {
                "type": "zip",
                "url": "https://api.github.com/repos/pomm-project/Foundation/zipball/ab114b4f1dc8cb131fbf8ab93823b34620880376",
                "reference": "ab114b4f1dc8cb131fbf8ab93823b34620880376",
                "shasum": ""
            },
            "require": {
                "ext-pgsql": "*",
                "php": ">=5.4.4",
                "psr/log": "~1.0"
            },
            "require-dev": {
                "atoum/atoum": "dev-master"
            },
            "type": "library",
            "extra": {
                "branch-alias": {
                    "dev-master": "2.0-dev"
                }
            },
            "autoload": {
                "psr-4": {
                    "PommProject\\Foundation\\": "sources/lib"
                }
            },
            "notification-url": "https://packagist.org/downloads/",
            "license": [
                "MIT"
            ],
            "authors": [
                {
                    "name": "Grégoire HUBERT",
                    "email": "hubert.greg@gmail.com",
                    "homepage": "http://www.coolkeums.org"
                }
            ],
            "description": "Pomm connection manager for Postgresql",
            "homepage": "http://www.pomm-project.org",
            "keywords": [
                "database",
                "framework",
                "pomm",
                "postgresql"
            ],
            "time": "2015-10-06 14:32:14"
        },
        {
            "name": "psr/log",
            "version": "1.0.0",
            "source": {
                "type": "git",
                "url": "https://github.com/php-fig/log.git",
                "reference": "fe0936ee26643249e916849d48e3a51d5f5e278b"
            },
            "dist": {
                "type": "zip",
                "url": "https://api.github.com/repos/php-fig/log/zipball/fe0936ee26643249e916849d48e3a51d5f5e278b",
                "reference": "fe0936ee26643249e916849d48e3a51d5f5e278b",
                "shasum": ""
            },
            "type": "library",
            "autoload": {
                "psr-0": {
                    "Psr\\Log\\": ""
                }
            },
            "notification-url": "https://packagist.org/downloads/",
            "license": [
                "MIT"
            ],
            "authors": [
                {
                    "name": "PHP-FIG",
                    "homepage": "http://www.php-fig.org/"
                }
            ],
            "description": "Common interface for logging libraries",
            "keywords": [
                "log",
                "psr",
                "psr-3"
            ],
            "time": "2012-12-21 11:40:51"
        }
    ],
    "packages-dev": [
        {
            "name": "atoum/atoum",
            "version": "dev-master",
            "source": {
                "type": "git",
                "url": "https://github.com/atoum/atoum.git",
                "reference": "e6aab9a885c3133419a48df858bd4481a3505552"
            },
            "dist": {
                "type": "zip",
                "url": "https://api.github.com/repos/atoum/atoum/zipball/e6aab9a885c3133419a48df858bd4481a3505552",
                "reference": "e6aab9a885c3133419a48df858bd4481a3505552",
                "shasum": ""
            },
            "require": {
                "ext-hash": "*",
                "ext-json": "*",
                "ext-session": "*",
                "ext-tokenizer": "*",
                "ext-xml": "*",
                "php": ">=5.3.3"
            },
            "replace": {
                "mageekguy/atoum": "*"
            },
            "suggest": {
                "atoum/stubs": "Provides IDE support (like autocompletion) for atoum",
                "ext-mbstring": "Provides support for UTF-8 strings"
            },
            "bin": [
                "bin/atoum"
            ],
            "type": "library",
            "extra": {
                "branch-alias": {
                    "dev-master": "2.x-dev"
                }
            },
            "autoload": {
                "classmap": [
                    "classes/"
                ]
            },
            "notification-url": "https://packagist.org/downloads/",
            "license": [
                "BSD"
            ],
            "authors": [
                {
                    "name": "Frédéric Hardy",
                    "email": "frederic.hardy@atoum.org",
                    "homepage": "http://blog.mageekbox.net"
                },
                {
                    "name": "François Dussert",
                    "email": "francois.dussert@atoum.org"
                },
                {
                    "name": "Gérald Croes",
                    "email": "gerald.croes@atoum.org"
                },
                {
                    "name": "Julien Bianchi",
                    "email": "julien.bianchi@atoum.org"
                },
                {
                    "name": "Ludovic Fleury",
                    "email": "ludovic.fleury@atoum.org"
                }
            ],
            "description": "Simple modern and intuitive unit testing framework for PHP 5.3+",
            "homepage": "http://www.atoum.org",
            "keywords": [
                "TDD",
                "atoum",
                "test",
                "unit testing"
            ],
            "time": "2015-10-23 07:26:05"
        }
    ],
    "aliases": [],
    "minimum-stability": "stable",
    "stability-flags": {
        "pomm-project/foundation": 20,
        "atoum/atoum": 20
    },
    "prefer-stable": false,
    "prefer-lowest": false,
    "platform": {
        "php": ">=5.4.4",
        "ext-pgsql": "*"
    },
    "platform-dev": []
}
